
Microsoft Visual Studio Solution File, Format Version 12.00
# Visual Studio Version 17
VisualStudioVersion = 17.2.32616.157
MinimumVisualStudioVersion = 10.0.40219.1
Project("{FAE04EC0-301F-11D3-BF4B-00C04F79EFBC}") = "Blog", "Blog\Blog.csproj", "{716F77C6-8D0F-47C9-AC8A-9EAA2141C7B6}"
EndProject
Global
	GlobalSection(SolutionConfigurationPlatforms) = preSolution
		Debug|Any CPU = Debug|Any CPU
		Release|Any CPU = Release|Any CPU
	EndGlobalSection
	GlobalSection(ProjectConfigurationPlatforms) = postSolution
		{716F77C6-8D0F-47C9-AC8A-9EAA2141C7B6}.Debug|Any CPU.ActiveCfg = Debug|Any CPU
		{716F77C6-8D0F-47C9-AC8A-9EAA2141C7B6}.Debug|Any CPU.Build.0 = Debug|Any CPU
		{716F77C6-8D0F-47C9-AC8A-9EAA2141C7B6}.Release|Any CPU.ActiveCfg = Release|Any CPU
		{716F77C6-8D0F-47C9-AC8A-9EAA2141C7B6}.Release|Any CPU.Build.0 = Release|Any CPU
	EndGlobalSection
	GlobalSection(SolutionProperties) = preSolution
		HideSolutionNode = FALSE
	EndGlobalSection
	GlobalSection(ExtensibilityGlobals) = postSolution
		SolutionGuid = {B1B2351F-E1FD-4CAB-ABBC-6D3D51578E2F}
	EndGlobalSection
EndGlobal
